Microsoft Visual Studio Solution File, Format Version 11.00
# Visual Studio 2008

Project("{A5B04EC0-953E-0552-A4B5-37A36054FC02}") = "Endless Switch!", "Assembly-CSharp.csproj", "{5504924E-491C-151C-DCBF-65917F300875}"
EndProject
Global
	GlobalSection(SolutionConfigurationPlatforms) = preSolution
		Debug|Any CPU = Debug|Any CPU
		Release|Any CPU = Release|Any CPU
	EndGlobalSection
	GlobalSection(ProjectConfigurationPlatforms) = postSolution
		{5504924E-491C-151C-DCBF-65917F300875}.Debug|Any CPU.ActiveCfg = Debug|Any CPU
		{5504924E-491C-151C-DCBF-65917F300875}.Debug|Any CPU.Build.0 = Debug|Any CPU
		{5504924E-491C-151C-DCBF-65917F300875}.Release|Any CPU.ActiveCfg = Release|Any CPU
		{5504924E-491C-151C-DCBF-65917F300875}.Release|Any CPU.Build.0 = Release|Any CPU
	EndGlobalSection
	GlobalSection(SolutionProperties) = preSolution
		HideSolutionNode = FALSE
	EndGlobalSection
	GlobalSection(MonoDevelopProperties) = preSolution
		StartupItem = Assembly-CSharp.csproj
	EndGlobalSection
EndGlobal
